
Microsoft Visual Studio Solution File, Format Version 12.00
# Visual Studio Version 16
VisualStudioVersion = 16.0.0.0
MinimumVisualStudioVersion = 10.0.40219.1
Project("{FAE04EC0-301F-11D3-BF4B-00C04F79EFBC}") = "TodoApp.Core", "src\TodoApp.Core\TodoApp.Core.csproj", "{C031AB01-DD39-43AC-A1F6-B284D4E8EE43}"
EndProject
Project("{FAE04EC0-301F-11D3-BF4B-00C04F79EFBC}") = "TodoApp.WinForms", "src\TodoApp.WinForms\TodoApp.WinForms.csproj", "{BF230A9B-3166-458F-8100-269026DCC8E1}"
EndProject
Project("{FAE04EC0-301F-11D3-BF4B-00C04F79EFBC}") = "TodoApp.Core.Tests", "src\TodoApp.Core.Tests\TodoApp.Core.Tests.csproj", "{85E3CF35-80EB-4649-892D-B19B6BCBB43E}"
EndProject
Project("{FAE04EC0-301F-11D3-BF4B-00C04F79EFBC}") = "TodoApp.E2E.Tests", "src\TodoApp.E2E.Tests\TodoApp.E2E.Tests.csproj", "{47010404-A5FB-40BE-A17E-C3B684A9E4DB}"
EndProject
Global
	GlobalSection(SolutionConfigurationPlatforms) = preSolution
		Debug|Any CPU = Debug|Any CPU
		Release|Any CPU = Release|Any CPU
	EndGlobalSection
	GlobalSection(ProjectConfigurationPlatforms) = postSolution
		{C031AB01-DD39-43AC-A1F6-B284D4E8EE43}.Debug|Any CPU.ActiveCfg = Debug|Any CPU
		{C031AB01-DD39-43AC-A1F6-B284D4E8EE43}.Debug|Any CPU.Build.0 = Debug|Any CPU
		{C031AB01-DD39-43AC-A1F6-B284D4E8EE43}.Release|Any CPU.ActiveCfg = Release|Any CPU
		{C031AB01-DD39-43AC-A1F6-B284D4E8EE43}.Release|Any CPU.Build.0 = Release|Any CPU
		{BF230A9B-3166-458F-8100-269026DCC8E1}.Debug|Any CPU.ActiveCfg = Debug|Any CPU
		{BF230A9B-3166-458F-8100-269026DCC8E1}.Debug|Any CPU.Build.0 = Debug|Any CPU
		{BF230A9B-3166-458F-8100-269026DCC8E1}.Release|Any CPU.ActiveCfg = Release|Any CPU
		{BF230A9B-3166-458F-8100-269026DCC8E1}.Release|Any CPU.Build.0 = Release|Any CPU
		{85E3CF35-80EB-4649-892D-B19B6BCBB43E}.Debug|Any CPU.ActiveCfg = Debug|Any CPU
		{85E3CF35-80EB-4649-892D-B19B6BCBB43E}.Debug|Any CPU.Build.0 = Debug|Any CPU
		{85E3CF35-80EB-4649-892D-B19B6BCBB43E}.Release|Any CPU.ActiveCfg = Release|Any CPU
		{85E3CF35-80EB-4649-892D-B19B6BCBB43E}.Release|Any CPU.Build.0 = Release|Any CPU
		{47010404-A5FB-40BE-A17E-C3B684A9E4DB}.Debug|Any CPU.ActiveCfg = Debug|Any CPU
		{47010404-A5FB-40BE-A17E-C3B684A9E4DB}.Debug|Any CPU.Build.0 = Debug|Any CPU
		{47010404-A5FB-40BE-A17E-C3B684A9E4DB}.Release|Any CPU.ActiveCfg = Release|Any CPU
		{47010404-A5FB-40BE-A17E-C3B684A9E4DB}.Release|Any CPU.Build.0 = Release|Any CPU
	EndGlobalSection
	GlobalSection(SolutionProperties) = preSolution
		HideSolutionNode = FALSE
	EndGlobalSection
EndGlobal
